# This file is autogenerated, do not edit; changes may be undone by the next 'dep ensure'.


[[projects]]
  digest = "1:774ed87212f6c8712caa722a25a1d1d8ecbefd81f518613351ff008177a31e6f"
  name = "github.com/arachnys/athenapdf"
  packages = ["weaver/converter"]
  pruneopts = "UT"
  revision = "817897c42c57c1d9aedbfae0f0b589e5864fac80"
  version = "v2.14.0"

[[projects]]
  digest = "1:af6a588c8f36d7b8d2050a4471d735bddb65b44e18e0f7bb048d26280898555d"
  name = "github.com/aws/aws-sdk-go"
  packages = [
    "aws",
    "aws/awserr",
    "aws/awsutil",
    "aws/client",
    "aws/client/metadata",
    "aws/corehandlers",
    "aws/credentials",
    "aws/credentials/ec2rolecreds",
    "aws/credentials/endpointcreds",
    "aws/credentials/stscreds",
    "aws/csm",
    "aws/defaults",
    "aws/ec2metadata",
    "aws/endpoints",
    "aws/request",
    "aws/session",
    "aws/signer/v4",
    "internal/ini",
    "internal/s3err",
    "internal/sdkio",
    "internal/sdkrand",
    "internal/sdkuri",
    "internal/shareddefaults",
    "private/protocol",
    "private/protocol/eventstream",
    "private/protocol/eventstream/eventstreamapi",
    "private/protocol/query",
    "private/protocol/query/queryutil",
    "private/protocol/rest",
    "private/protocol/restxml",
    "private/protocol/xml/xmlutil",
    "service/s3",
    "service/sts",
  ]
  pruneopts = "UT"
  revision = "34ab03ee1a2b90b3baf97ff666397c8fb9b8714b"
  version = "v1.15.64"

[[projects]]
  branch = "master"
  digest = "1:b12ef1feb337d450fc254dbee1a4adf00ed9ee35ebe9ece6b5adbd866e7c1ab5"
  name = "github.com/dennwc/dom"
  packages = [
    ".",
    "js",
    "storage",
  ]
  pruneopts = "UT"
  revision = "895bb76ea18d7c43b4a426562e5fb3ff14839260"

[[projects]]
  digest = "1:e22af8c7518e1eab6f2eab2b7d7558927f816262586cd6ed9f349c97a6c285c4"
  name = "github.com/jmespath/go-jmespath"
  packages = ["."]
  pruneopts = "UT"
  revision = "0b12d6b5"

[[projects]]
  digest = "1:db23aee6f0ff15fbcd0559d660f91d6b738baeeca46d953396b2fdcec93e1260"
  name = "github.com/jung-kurt/gofpdf"
  packages = ["."]
  pruneopts = "UT"
  revision = "14c1db30737a138f8d9797cffea58783892b2fae"
  version = "v1.0.0"

[[projects]]
  digest = "1:40e195917a951a8bf867cd05de2a46aaf1806c50cf92eebf4c16f78cd196f747"
  name = "github.com/pkg/errors"
  packages = ["."]
  pruneopts = "UT"
  revision = "645ef00459ed84a119197bfb8d8205042c6df63d"
  version = "v0.8.0"

[[projects]]
  branch = "master"
  digest = "1:e56a91f64003cb1bf7fed334ba2615d9750991d4570d5254a7cdbeac3374d546"
  name = "golang.org/x/net"
  packages = [
    "idna",
    "publicsuffix",
  ]
  pruneopts = "UT"
  revision = "9b4f9f5ad5197c79fd623a3638e70d8b26cef344"

[[projects]]
  digest = "1:a2ab62866c75542dd18d2b069fec854577a20211d7c0ea6ae746072a1dccdd18"
  name = "golang.org/x/text"
  packages = [
    "collate",
    "collate/build",
    "internal/colltab",
    "internal/gen",
    "internal/tag",
    "internal/triegen",
    "internal/ucd",
    "language",
    "secure/bidirule",
    "transform",
    "unicode/bidi",
    "unicode/cldr",
    "unicode/norm",
    "unicode/rangetable",
  ]
  pruneopts = "UT"
  revision = "f21a4dfb5e38f5895301dc265a8def02365cc3d0"
  version = "v0.3.0"

[solve-meta]
  analyzer-name = "dep"
  analyzer-version = 1
  input-imports = [
    "github.com/arachnys/athenapdf/weaver/converter",
    "github.com/dennwc/dom",
    "github.com/dennwc/dom/storage",
    "github.com/jung-kurt/gofpdf",
    "github.com/pkg/errors",
  ]
  solver-name = "gps-cdcl"
  solver-version = 1
